{
  "object": {
    "pins": [
      {
        "package": "EmojiDataFileParser",
        "repositoryURL": "/Users/doug/Desktop/untitled folder/EmojiDataFileParser",
        "state": {
          "branch": null,
          "revision": "b416ab3be2b13e0aefc7711ea4cf4aff03801222",
          "version": "0.1.0"
        }
      },
      {
        "package": "SwiftPM",
        "repositoryURL": "https://github.com/apple/swift-package-manager.git",
        "state": {
          "branch": "swift-4.1.3-RELEASE",
          "revision": "39fb670a4491ed0a27ba0095ecf109ac0c5036d3",
          "version": null
        }
      }
    ]
  },
  "version": 1
}
